// !$*UTF8*$!
{
	archiveVersion = 1;
	classes = {
	};
	objectVersion = 46;
	objects = {

/* Begin PBXBuildFile section */
		389F90431AD5C5DE00DB0C61 /* main.m in Sources */ = {isa = PBXBuildFile; fileRef = 389F90421AD5C5DE00DB0C61 /* main.m */; };
		389F90461AD5C5DE00DB0C61 /* DCZAppDelegate.m in Sources */ = {isa = PBXBuildFile; fileRef = 389F90451AD5C5DE00DB0C61 /* DCZAppDelegate.m */; };
		389F90491AD5C5DE00DB0C61 /* DCZViewController.m in Sources */ = {isa = PBXBuildFile; fileRef = 389F90481AD5C5DE00DB0C61 /* DCZViewController.m */; };
		389F904C1AD5C5DE00DB0C61 /* Main.storyboard in Resources */ = {isa = PBXBuildFile; fileRef = 389F904A1AD5C5DE00DB0C61 /* Main.storyboard */; };
		389F904E1AD5C5DE00DB0C61 /* Images.xcassets in Resources */ = {isa = PBXBuildFile; fileRef = 389F904D1AD5C5DE00DB0C61 /* Images.xcassets */; };
		389F90511AD5C5DE00DB0C61 /* LaunchScreen.xib in Resources */ = {isa = PBXBuildFile; fileRef = 389F904F1AD5C5DE00DB0C61 /* LaunchScreen.xib */; };
		389F905D1AD5C5DE00DB0C61 /* DCZToDoListTests.m in Sources */ = {isa = PBXBuildFile; fileRef = 389F905C1AD5C5DE00DB0C61 /* DCZToDoListTests.m */; };
/* End PBXBuildFile section */

/* Begin PBXContainerItemProxy section */
		389F90571AD5C5DE00DB0C61 /* PBXContainerItemProxy */ = {
			isa = PBXContainerItemProxy;
			containerPortal = 389F90351AD5C5DD00DB0C61 /* Project object */;
			proxyType = 1;
			remoteGlobalIDString = 389F903C1AD5C5DD00DB0C61;
			remoteInfo = DCZToDoList;
		};
/* End PBXContainerItemProxy section */

/* Begin PBXFileReference section */
		389F903D1AD5C5DE00DB0C61 /* DCZToDoList.app */ = {isa = PBXFileReference; explicitFileType = wrapper.application; includeInIndex = 0; path = DCZToDoList.app; sourceTree = BUILT_PRODUCTS_DIR; };
		389F90411AD5C5DE00DB0C61 /* Info.plist */ = {isa = PBXFileReference; lastKnownFileType = text.plist.xml; path = Info.plist; sourceTree = "<group>"; };
		389F90421AD5C5DE00DB0C61 /* main.m */ = {isa = PBXFileReference; lastKnownFileType = sourcecode.c.objc; path = main.m; sourceTree = "<group>"; };
		389F90441AD5C5DE00DB0C61 /* DCZAppDelegate.h */ = {isa = PBXFileReference; lastKnownFileType = sourcecode.c.h; path = DCZAppDelegate.h; sourceTree = "<group>"; };
		389F90451AD5C5DE00DB0C61 /* DCZAppDelegate.m */ = {isa = PBXFileReference; lastKnownFileType = sourcecode.c.objc; path = DCZAppDelegate.m; sourceTree = "<group>"; };
		389F90471AD5C5DE00DB0C61 /* DCZViewController.h */ = {isa = PBXFileReference; lastKnownFileType = sourcecode.c.h; path = DCZViewController.h; sourceTree = "<group>"; };
		389F90481AD5C5DE00DB0C61 /* DCZViewController.m */ = {isa = PBXFileReference; lastKnownFileType = sourcecode.c.objc; path = DCZViewController.m; sourceTree = "<group>"; };
		389F904B1AD5C5DE00DB0C61 /* Base */ = {isa = PBXFileReference; lastKnownFileType = file.storyboard; name = Base; path = Base.lproj/Main.storyboard; sourceTree = "<group>"; };
		389F904D1AD5C5DE00DB0C61 /* Images.xcassets */ = {isa = PBXFileReference; lastKnownFileType = folder.assetcatalog; path = Images.xcassets; sourceTree = "<group>"; };
		389F90501AD5C5DE00DB0C61 /* Base */ = {isa = PBXFileReference; lastKnownFileType = file.xib; name = Base; path = Base.lproj/LaunchScreen.xib; sourceTree = "<group>"; };
		389F90561AD5C5DE00DB0C61 /* DCZToDoListTests.xctest */ = {isa = PBXFileReference; explicitFileType = wrapper.cfbundle; includeInIndex = 0; path = DCZToDoListTests.xctest; sourceTree = BUILT_PRODUCTS_DIR; };
		389F905B1AD5C5DE00DB0C61 /* Info.plist */ = {isa = PBXFileReference; lastKnownFileType = text.plist.xml; path = Info.plist; sourceTree = "<group>"; };
		389F905C1AD5C5DE00DB0C61 /* DCZToDoListTests.m */ = {isa = PBXFileReference; lastKnownFileType = sourcecode.c.objc; path = DCZToDoListTests.m; sourceTree = "<group>"; };
/* End PBXFileReference section */

/* Begin PBXFrameworksBuildPhase section */
		389F903A1AD5C5DD00DB0C61 /* Frameworks */ = {
			isa = PBXFrameworksBuildPhase;
			buildActionMask = 2147483647;
			files = (
			);
			runOnlyForDeploymentPostprocessing = 0;
		};
		389F90531AD5C5DE00DB0C61 /* Frameworks */ = {
			isa = PBXFrameworksBuildPhase;
			buildActionMask = 2147483647;
			files = (
			);
			runOnlyForDeploymentPostprocessing = 0;
		};
/* End PBXFrameworksBuildPhase section */

/* Begin PBXGroup section */
		389F90341AD5C5DD00DB0C61 = {
			isa = PBXGroup;
			children = (
				389F903F1AD5C5DE00DB0C61 /* DCZToDoList */,
				389F90591AD5C5DE00DB0C61 /* DCZToDoListTests */,
				389F903E1AD5C5DE00DB0C61 /* Products */,
			);
			sourceTree = "<group>";
		};
		389F903E1AD5C5DE00DB0C61 /* Products */ = {
			isa = PBXGroup;
			children = (
				389F903D1AD5C5DE00DB0C61 /* DCZToDoList.app */,
				389F90561AD5C5DE00DB0C61 /* DCZToDoListTests.xctest */,
			);
			name = Products;
			sourceTree = "<group>";
		};
		389F903F1AD5C5DE00DB0C61 /* DCZToDoList */ = {
			isa = PBXGroup;
			children = (
				389F90441AD5C5DE00DB0C61 /* DCZAppDelegate.h */,
				389F90451AD5C5DE00DB0C61 /* DCZAppDelegate.m */,
				389F90471AD5C5DE00DB0C61 /* DCZViewController.h */,
				389F90481AD5C5DE00DB0C61 /* DCZViewController.m */,
				389F904A1AD5C5DE00DB0C61 /* Main.storyboard */,
				389F904D1AD5C5DE00DB0C61 /* Images.xcassets */,
				389F904F1AD5C5DE00DB0C61 /* LaunchScreen.xib */,
				389F90401AD5C5DE00DB0C61 /* Supporting Files */,
			);
			path = DCZToDoList;
			sourceTree = "<group>";
		};
		389F90401AD5C5DE00DB0C61 /* Supporting Files */ = {
			isa = PBXGroup;
			children = (
				389F90411AD5C5DE00DB0C61 /* Info.plist */,
				389F90421AD5C5DE00DB0C61 /* main.m */,
			);
			name = "Supporting Files";
			sourceTree = "<group>";
		};
		389F90591AD5C5DE00DB0C61 /* DCZToDoListTests */ = {
			isa = PBXGroup;
			children = (
				389F905C1AD5C5DE00DB0C61 /* DCZToDoListTests.m */,
				389F905A1AD5C5DE00DB0C61 /* Supporting Files */,
			);
			path = DCZToDoListTests;
			sourceTree = "<group>";
		};
		389F905A1AD5C5DE00DB0C61 /* Supporting Files */ = {
			isa = PBXGroup;
			children = (
				389F905B1AD5C5DE00DB0C61 /* Info.plist */,
			);
			name = "Supporting Files";
			sourceTree = "<group>";
		};
/* End PBXGroup section */

/* Begin PBXNativeTarget section */
		389F903C1AD5C5DD00DB0C61 /* DCZToDoList */ = {
			isa = PBXNativeTarget;
			buildConfigurationList = 389F90601AD5C5DE00DB0C61 /* Build configuration list for PBXNativeTarget "DCZToDoList" */;
			buildPhases = (
				389F90391AD5C5DD00DB0C61 /* Sources */,
				389F903A1AD5C5DD00DB0C61 /* Frameworks */,
				389F903B1AD5C5DD00DB0C61 /* Resources */,
			);
			buildRules = (
			);
			dependencies = (
			);
			name = DCZToDoList;
			productName = DCZToDoList;
			productReference = 389F903D1AD5C5DE00DB0C61 /* DCZToDoList.app */;
			productType = "com.apple.product-type.application";
		};
		389F90551AD5C5DE00DB0C61 /* DCZToDoListTests */ = {
			isa = PBXNativeTarget;
			buildConfigurationList = 389F90631AD5C5DE00DB0C61 /* Build configuration list for PBXNativeTarget "DCZToDoListTests" */;
			buildPhases = (
				389F90521AD5C5DE00DB0C61 /* Sources */,
				389F90531AD5C5DE00DB0C61 /* Frameworks */,
				389F90541AD5C5DE00DB0C61 /* Resources */,
			);
			buildRules = (
			);
			dependencies = (
				389F90581AD5C5DE00DB0C61 /* PBXTargetDependency */,
			);
			name = DCZToDoListTests;
			productName = DCZToDoListTests;
			productReference = 389F90561AD5C5DE00DB0C61 /* DCZToDoListTests.xctest */;
			productType = "com.apple.product-type.bundle.unit-test";
		};
/* End PBXNativeTarget section */

/* Begin PBXProject section */
		389F90351AD5C5DD00DB0C61 /* Project object */ = {
			isa = PBXProject;
			attributes = {
				LastUpgradeCheck = 0620;
				ORGANIZATIONNAME = "Dean Zaslow";
				TargetAttributes = {
					389F903C1AD5C5DD00DB0C61 = {
						CreatedOnToolsVersion = 6.2;
					};
					389F90551AD5C5DE00DB0C61 = {
						CreatedOnToolsVersion = 6.2;
						TestTargetID = 389F903C1AD5C5DD00DB0C61;
					};
				};
			};
			buildConfigurationList = 389F90381AD5C5DD00DB0C61 /* Build configuration list for PBXProject "DCZToDoList" */;
			compatibilityVersion = "Xcode 3.2";
			developmentRegion = English;
			hasScannedForEncodings = 0;
			knownRegions = (
				en,
				Base,
			);
			mainGroup = 389F90341AD5C5DD00DB0C61;
			productRefGroup = 389F903E1AD5C5DE00DB0C61 /* Products */;
			projectDirPath = "";
			projectRoot = "";
			targets = (
				389F903C1AD5C5DD00DB0C61 /* DCZToDoList */,
				389F90551AD5C5DE00DB0C61 /* DCZToDoListTests */,
			);
		};
/* End PBXProject section */

/* Begin PBXResourcesBuildPhase section */
		389F903B1AD5C5DD00DB0C61 /* Resources */ = {
			isa = PBXResourcesBuildPhase;
			buildActionMask = 2147483647;
			files = (
				389F904C1AD5C5DE00DB0C61 /* Main.storyboard in Resources */,
				389F90511AD5C5DE00DB0C61 /* LaunchScreen.xib in Resources */,
				389F904E1AD5C5DE00DB0C61 /* Images.xcassets in Resources */,
			);
			runOnlyForDeploymentPostprocessing = 0;
		};
		389F90541AD5C5DE00DB0C61 /* Resources */ = {
			isa = PBXResourcesBuildPhase;
			buildActionMask = 2147483647;
			files = (
			);
			runOnlyForDeploymentPostprocessing = 0;
		};
/* End PBXResourcesBuildPhase section */

/* Begin PBXSourcesBuildPhase section */
		389F90391AD5C5DD00DB0C61 /* Sources */ = {
			isa = PBXSourcesBuildPhase;
			buildActionMask = 2147483647;
			files = (
				389F90491AD5C5DE00DB0C61 /* DCZViewController.m in Sources */,
				389F90461AD5C5DE00DB0C61 /* DCZAppDelegate.m in Sources */,
				389F90431AD5C5DE00DB0C61 /* main.m in Sources */,
			);
			runOnlyForDeploymentPostprocessing = 0;
		};
		389F90521AD5C5DE00DB0C61 /* Sources */ = {
			isa = PBXSourcesBuildPhase;
			buildActionMask = 2147483647;
			files = (
				389F905D1AD5C5DE00DB0C61 /* DCZToDoListTests.m in Sources */,
			);
			runOnlyForDeploymentPostprocessing = 0;
		};
/* End PBXSourcesBuildPhase section */

/* Begin PBXTargetDependency section */
		389F90581AD5C5DE00DB0C61 /* PBXTargetDependency */ = {
			isa = PBXTargetDependency;
			target = 389F903C1AD5C5DD00DB0C61 /* DCZToDoList */;
			targetProxy = 389F90571AD5C5DE00DB0C61 /* PBXContainerItemProxy */;
		};
/* End PBXTargetDependency section */

/* Begin PBXVariantGroup section */
		389F904A1AD5C5DE00DB0C61 /* Main.storyboard */ = {
			isa = PBXVariantGroup;
			children = (
				389F904B1AD5C5DE00DB0C61 /* Base */,
			);
			name = Main.storyboard;
			sourceTree = "<group>";
		};
		389F904F1AD5C5DE00DB0C61 /* LaunchScreen.xib */ = {
			isa = PBXVariantGroup;
			children = (
				389F90501AD5C5DE00DB0C61 /* Base */,
			);
			name = LaunchScreen.xib;
			sourceTree = "<group>";
		};
/* End PBXVariantGroup section */

/* Begin XCBuildConfiguration section */
		389F905E1AD5C5DE00DB0C61 /* Debug */ = {
			isa = XCBuildConfiguration;
			buildSettings = {
				ALWAYS_SEARCH_USER_PATHS = NO;
				CLANG_CXX_LANGUAGE_STANDARD = "gnu++0x";
				CLANG_CXX_LIBRARY = "libc++";
				CLANG_ENABLE_MODULES = YES;
				CLANG_ENABLE_OBJC_ARC = YES;
				CLANG_WARN_BOOL_CONVERSION = YES;
				CLANG_WARN_CONSTANT_CONVERSION = YES;
				CLANG_WARN_DIRECT_OBJC_ISA_USAGE = YES_ERROR;
				CLANG_WARN_EMPTY_BODY = YES;
				CLANG_WARN_ENUM_CONVERSION = YES;
				CLANG_WARN_INT_CONVERSION = YES;
				CLANG_WARN_OBJC_ROOT_CLASS = YES_ERROR;
				CLANG_WARN_UNREACHABLE_CODE = YES;
				CLANG_WARN__DUPLICATE_METHOD_MATCH = YES;
				"CODE_SIGN_IDENTITY[sdk=iphoneos*]" = "iPhone Developer";
				COPY_PHASE_STRIP = NO;
				ENABLE_STRICT_OBJC_MSGSEND = YES;
				GCC_C_LANGUAGE_STANDARD = gnu99;
				GCC_DYNAMIC_NO_PIC = NO;
				GCC_OPTIMIZATION_LEVEL = 0;
				GCC_PREPROCESSOR_DEFINITIONS = (
					"DEBUG=1",
					"$(inherited)",
				);
				GCC_SYMBOLS_PRIVATE_EXTERN = NO;
				GCC_WARN_64_TO_32_BIT_CONVERSION = YES;
				GCC_WARN_ABOUT_RETURN_TYPE = YES_ERROR;
				GCC_WARN_UNDECLARED_SELECTOR = YES;
				GCC_WARN_UNINITIALIZED_AUTOS = YES_AGGRESSIVE;
				GCC_WARN_UNUSED_FUNCTION = YES;
				GCC_WARN_UNUSED_VARIABLE = YES;
				IPHONEOS_DEPLOYMENT_TARGET = 8.2;
				MTL_ENABLE_DEBUG_INFO = YES;
				ONLY_ACTIVE_ARCH = YES;
				SDKROOT = iphoneos;
			};
			name = Debug;
		};
		389F905F1AD5C5DE00DB0C61 /* Release */ = {
			isa = XCBuildConfiguration;
			buildSettings = {
				ALWAYS_SEARCH_USER_PATHS = NO;
				CLANG_CXX_LANGUAGE_STANDARD = "gnu++0x";
				CLANG_CXX_LIBRARY = "libc++";
				CLANG_ENABLE_MODULES = YES;
				CLANG_ENABLE_OBJC_ARC = YES;
				CLANG_WARN_BOOL_CONVERSION = YES;
				CLANG_WARN_CONSTANT_CONVERSION = YES;
				CLANG_WARN_DIRECT_OBJC_ISA_USAGE = YES_ERROR;
				CLANG_WARN_EMPTY_BODY = YES;
				CLANG_WARN_ENUM_CONVERSION = YES;
				CLANG_WARN_INT_CONVERSION = YES;
				CLANG_WARN_OBJC_ROOT_CLASS = YES_ERROR;
				CLANG_WARN_UNREACHABLE_CODE = YES;
				CLANG_WARN__DUPLICATE_METHOD_MATCH = YES;
				"CODE_SIGN_IDENTITY[sdk=iphoneos*]" = "iPhone Developer";
				COPY_PHASE_STRIP = NO;
				ENABLE_NS_ASSERTIONS = NO;
				ENABLE_STRICT_OBJC_MSGSEND = YES;
				GCC_C_LANGUAGE_STANDARD = gnu99;
				GCC_WARN_64_TO_32_BIT_CONVERSION = YES;
				GCC_WARN_ABOUT_RETURN_TYPE = YES_ERROR;
				GCC_WARN_UNDECLARED_SELECTOR = YES;
				GCC_WARN_UNINITIALIZED_AUTOS = YES_AGGRESSIVE;
				GCC_WARN_UNUSED_FUNCTION = YES;
				GCC_WARN_UNUSED_VARIABLE = YES;
				IPHONEOS_DEPLOYMENT_TARGET = 8.2;
				MTL_ENABLE_DEBUG_INFO = NO;
				SDKROOT = iphoneos;
				VALIDATE_PRODUCT = YES;
			};
			name = Release;
		};
		389F90611AD5C5DE00DB0C61 /* Debug */ = {
			isa = XCBuildConfiguration;
			buildSettings = {
				ASSETCATALOG_COMPILER_APPICON_NAME = AppIcon;
				INFOPLIST_FILE = DCZToDoList/Info.plist;
				LD_RUNPATH_SEARCH_PATHS = "$(inherited) @executable_path/Frameworks";
				PRODUCT_NAME = "$(TARGET_NAME)";
			};
			name = Debug;
		};
		389F90621AD5C5DE00DB0C61 /* Release */ = {
			isa = XCBuildConfiguration;
			buildSettings = {
				ASSETCATALOG_COMPILER_APPICON_NAME = AppIcon;
				INFOPLIST_FILE = DCZToDoList/Info.plist;
				LD_RUNPATH_SEARCH_PATHS = "$(inherited) @executable_path/Frameworks";
				PRODUCT_NAME = "$(TARGET_NAME)";
			};
			name = Release;
		};
		389F90641AD5C5DE00DB0C61 /* Debug */ = {
			isa = XCBuildConfiguration;
			buildSettings = {
				BUNDLE_LOADER = "$(TEST_HOST)";
				FRAMEWORK_SEARCH_PATHS = (
					"$(SDKROOT)/Developer/Library/Frameworks",
					"$(inherited)",
				);
				GCC_PREPROCESSOR_DEFINITIONS = (
					"DEBUG=1",
					"$(inherited)",
				);
				INFOPLIST_FILE = DCZToDoListTests/Info.plist;
				LD_RUNPATH_SEARCH_PATHS = "$(inherited) @executable_path/Frameworks @loader_path/Frameworks";
				PRODUCT_NAME = "$(TARGET_NAME)";
				TEST_HOST = "$(BUILT_PRODUCTS_DIR)/DCZToDoList.app/DCZToDoList";
			};
			name = Debug;
		};
		389F90651AD5C5DE00DB0C61 /* Release */ = {
			isa = XCBuildConfiguration;
			buildSettings = {
				BUNDLE_LOADER = "$(TEST_HOST)";
				FRAMEWORK_SEARCH_PATHS = (
					"$(SDKROOT)/Developer/Library/Frameworks",
					"$(inherited)",
				);
				INFOPLIST_FILE = DCZToDoListTests/Info.plist;
				LD_RUNPATH_SEARCH_PATHS = "$(inherited) @executable_path/Frameworks @loader_path/Frameworks";
				PRODUCT_NAME = "$(TARGET_NAME)";
				TEST_HOST = "$(BUILT_PRODUCTS_DIR)/DCZToDoList.app/DCZToDoList";
			};
			name = Release;
		};
/* End XCBuildConfiguration section */

/* Begin XCConfigurationList section */
		389F90381AD5C5DD00DB0C61 /* Build configuration list for PBXProject "DCZToDoList" */ = {
			isa = XCConfigurationList;
			buildConfigurations = (
				389F905E1AD5C5DE00DB0C61 /* Debug */,
				389F905F1AD5C5DE00DB0C61 /* Release */,
			);
			defaultConfigurationIsVisible = 0;
			defaultConfigurationName = Release;
		};
		389F90601AD5C5DE00DB0C61 /* Build configuration list for PBXNativeTarget "DCZToDoList" */ = {
			isa = XCConfigurationList;
			buildConfigurations = (
				389F90611AD5C5DE00DB0C61 /* Debug */,
				389F90621AD5C5DE00DB0C61 /* Release */,
			);
			defaultConfigurationIsVisible = 0;
		};
		389F90631AD5C5DE00DB0C61 /* Build configuration list for PBXNativeTarget "DCZToDoListTests" */ = {
			isa = XCConfigurationList;
			buildConfigurations = (
				389F90641AD5C5DE00DB0C61 /* Debug */,
				389F90651AD5C5DE00DB0C61 /* Release */,
			);
			defaultConfigurationIsVisible = 0;
		};
/* End XCConfigurationList section */
	};
	rootObject = 389F90351AD5C5DD00DB0C61 /* Project object */;
}
